
Microsoft Visual Studio Solution File, Format Version 12.00
# Visual Studio 14
VisualStudioVersion = 14.0.25123.0
MinimumVisualStudioVersion = 10.0.40219.1
Project("{FAE04EC0-301F-11D3-BF4B-00C04F79EFBC}") = "RawQuery", "RawQuery\RawQuery.csproj", "{78CF70D9-D3CE-4D24-84B2-0127CBDFD97C}"
EndProject
Project("{FAE04EC0-301F-11D3-BF4B-00C04F79EFBC}") = "RawQuery.Tests", "RawQuery.Tests\RawQuery.Tests.csproj", "{5F5E65F5-6157-4D99-A4E6-DDBCE11257CF}"
EndProject
Project("{FAE04EC0-301F-11D3-BF4B-00C04F79EFBC}") = "RawQuery.Workbench", "RawQuery.Workbench\RawQuery.Workbench.csproj", "{E7291C0D-9600-419A-B183-99D7CED89A0E}"
EndProject
Global
	GlobalSection(SolutionConfigurationPlatforms) = preSolution
		Debug|Any CPU = Debug|Any CPU
		Release|Any CPU = Release|Any CPU
	EndGlobalSection
	GlobalSection(ProjectConfigurationPlatforms) = postSolution
		{78CF70D9-D3CE-4D24-84B2-0127CBDFD97C}.Debug|Any CPU.ActiveCfg = Debug|Any CPU
		{78CF70D9-D3CE-4D24-84B2-0127CBDFD97C}.Debug|Any CPU.Build.0 = Debug|Any CPU
		{78CF70D9-D3CE-4D24-84B2-0127CBDFD97C}.Release|Any CPU.ActiveCfg = Release|Any CPU
		{78CF70D9-D3CE-4D24-84B2-0127CBDFD97C}.Release|Any CPU.Build.0 = Release|Any CPU
		{5F5E65F5-6157-4D99-A4E6-DDBCE11257CF}.Debug|Any CPU.ActiveCfg = Debug|Any CPU
		{5F5E65F5-6157-4D99-A4E6-DDBCE11257CF}.Debug|Any CPU.Build.0 = Debug|Any CPU
		{5F5E65F5-6157-4D99-A4E6-DDBCE11257CF}.Release|Any CPU.ActiveCfg = Release|Any CPU
		{5F5E65F5-6157-4D99-A4E6-DDBCE11257CF}.Release|Any CPU.Build.0 = Release|Any CPU
		{E7291C0D-9600-419A-B183-99D7CED89A0E}.Debug|Any CPU.ActiveCfg = Debug|Any CPU
		{E7291C0D-9600-419A-B183-99D7CED89A0E}.Debug|Any CPU.Build.0 = Debug|Any CPU
		{E7291C0D-9600-419A-B183-99D7CED89A0E}.Release|Any CPU.ActiveCfg = Release|Any CPU
		{E7291C0D-9600-419A-B183-99D7CED89A0E}.Release|Any CPU.Build.0 = Release|Any CPU
	EndGlobalSection
	GlobalSection(SolutionProperties) = preSolution
		HideSolutionNode = FALSE
	EndGlobalSection
EndGlobal
